Microsoft Visual Studio Solution File, Format Version 12.00
# Visual Studio 2012
VisualStudioVersion = 15.0.27130.2020
MinimumVisualStudioVersion = 10.0.40219.1
Project("{F184B08F-C81C-45F6-A57F-5ABD9991F28F}") = "How to Embed Check Boxes into Nodes", "How to Embed Check Boxes into Nodes.vbproj", "{E5BE42FB-B849-48A7-8EAA-E8E5B023AE3C}"
EndProject
Global
	GlobalSection(SolutionConfigurationPlatforms) = preSolution
		Debug|x86 = Debug|x86
		Release|x86 = Release|x86
	EndGlobalSection
	GlobalSection(ProjectConfigurationPlatforms) = postSolution
		{E5BE42FB-B849-48A7-8EAA-E8E5B023AE3C}.Debug|x86.ActiveCfg = Debug|x86
		{E5BE42FB-B849-48A7-8EAA-E8E5B023AE3C}.Debug|x86.Build.0 = Debug|x86
		{E5BE42FB-B849-48A7-8EAA-E8E5B023AE3C}.Release|x86.ActiveCfg = Release|x86
		{E5BE42FB-B849-48A7-8EAA-E8E5B023AE3C}.Release|x86.Build.0 = Release|x86
	EndGlobalSection
	GlobalSection(SolutionProperties) = preSolution
		HideSolutionNode = FALSE
	EndGlobalSection
	GlobalSection(ExtensibilityGlobals) = postSolution
		SolutionGuid = {A2860D12-C0B4-4B9C-B2A6-D02A56BB1E5C}
	EndGlobalSection
EndGlobal
